
Microsoft Visual Studio Solution File, Format Version 12.00
# Visual Studio Version 17
VisualStudioVersion = 17.1.32319.34
MinimumVisualStudioVersion = 10.0.40219.1
Project("{FAE04EC0-301F-11D3-BF4B-00C04F79EFBC}") = "Proje", "Proje\Proje.csproj", "{F1805C17-386E-4074-A602-DD96D7BD8AA5}"
EndProject
Global
	GlobalSection(SolutionConfigurationPlatforms) = preSolution
		Debug|Any CPU = Debug|Any CPU
		Release|Any CPU = Release|Any CPU
	EndGlobalSection
	GlobalSection(ProjectConfigurationPlatforms) = postSolution
		{F1805C17-386E-4074-A602-DD96D7BD8AA5}.Debug|Any CPU.ActiveCfg = Debug|Any CPU
		{F1805C17-386E-4074-A602-DD96D7BD8AA5}.Debug|Any CPU.Build.0 = Debug|Any CPU
		{F1805C17-386E-4074-A602-DD96D7BD8AA5}.Release|Any CPU.ActiveCfg = Release|Any CPU
		{F1805C17-386E-4074-A602-DD96D7BD8AA5}.Release|Any CPU.Build.0 = Release|Any CPU
	EndGlobalSection
	GlobalSection(SolutionProperties) = preSolution
		HideSolutionNode = FALSE
	EndGlobalSection
	GlobalSection(ExtensibilityGlobals) = postSolution
		SolutionGuid = {A2DD0FC5-E3B1-4835-95A2-C5882D462E4D}
	EndGlobalSection
EndGlobal
